// !$*UTF8*$!
{
	archiveVersion = 1;
	classes = {
	};
	objectVersion = 56;
	objects = {

/* Begin PBXBuildFile section */
		2FDA30612C424C9A00ED96CF /* AppDelegate.swift in Sources */ = {isa = PBXBuildFile; fileRef = 2FDA30602C424C9A00ED96CF /* AppDelegate.swift */; };
		2FDA30632C424C9A00ED96CF /* SceneDelegate.swift in Sources */ = {isa = PBXBuildFile; fileRef = 2FDA30622C424C9A00ED96CF /* SceneDelegate.swift */; };
		2FDA30652C424C9A00ED96CF /* ViewController.swift in Sources */ = {isa = PBXBuildFile; fileRef = 2FDA30642C424C9A00ED96CF /* ViewController.swift */; };
		2FDA30682C424C9A00ED96CF /* Base in Resources */ = {isa = PBXBuildFile; fileRef = 2FDA30672C424C9A00ED96CF /* Base */; };
		2FDA306B2C424C9A00ED96CF /* MovieListing.xcdatamodeld in Sources */ = {isa = PBXBuildFile; fileRef = 2FDA30692C424C9A00ED96CF /* MovieListing.xcdatamodeld */; };
		2FDA306D2C424C9B00ED96CF /* Assets.xcassets in Resources */ = {isa = PBXBuildFile; fileRef = 2FDA306C2C424C9B00ED96CF /* Assets.xcassets */; };
		2FDA30702C424C9B00ED96CF /* Base in Resources */ = {isa = PBXBuildFile; fileRef = 2FDA306F2C424C9B00ED96CF /* Base */; };
		2FE0D7272C4265BC00299403 /* Listing.storyboard in Resources */ = {isa = PBXBuildFile; fileRef = 2FE0D7262C4265BC00299403 /* Listing.storyboard */; };
		2FE0D7292C4265DC00299403 /* ListingViewController.swift in Sources */ = {isa = PBXBuildFile; fileRef = 2FE0D7282C4265DC00299403 /* ListingViewController.swift */; };
		2FE0D72B2C4265F700299403 /* ListingViewModel.swift in Sources */ = {isa = PBXBuildFile; fileRef = 2FE0D72A2C4265F700299403 /* ListingViewModel.swift */; };
		2FE0D72D2C42660200299403 /* ListingViewState.swift in Sources */ = {isa = PBXBuildFile; fileRef = 2FE0D72C2C42660200299403 /* ListingViewState.swift */; };
		2FE0D7302C4267BB00299403 /* ListingTableViewCell.swift in Sources */ = {isa = PBXBuildFile; fileRef = 2FE0D72E2C4267BB00299403 /* ListingTableViewCell.swift */; };
		2FE0D7312C4267BB00299403 /* ListingTableViewCell.xib in Resources */ = {isa = PBXBuildFile; fileRef = 2FE0D72F2C4267BB00299403 /* ListingTableViewCell.xib */; };
		D36070E77495829D6C8BF43A /* Pods_MovieListing.framework in Frameworks */ = {isa = PBXBuildFile; fileRef = EFC21C34C3547B0CB3ADBAF8 /* Pods_MovieListing.framework */; };
/* End PBXBuildFile section */

/* Begin PBXFileReference section */
		28AF65DA7301DF0083E754C6 /* Pods-MovieListing.release.xcconfig */ = {isa = PBXFileReference; includeInIndex = 1; lastKnownFileType = text.xcconfig; name = "Pods-MovieListing.release.xcconfig"; path = "Target Support Files/Pods-MovieListing/Pods-MovieListing.release.xcconfig"; sourceTree = "<group>"; };
		2FDA305D2C424C9A00ED96CF /* MovieListing.app */ = {isa = PBXFileReference; explicitFileType = wrapper.application; includeInIndex = 0; path = MovieListing.app; sourceTree = BUILT_PRODUCTS_DIR; };
		2FDA30602C424C9A00ED96CF /* AppDelegate.swift */ = {isa = PBXFileReference; lastKnownFileType = sourcecode.swift; path = AppDelegate.swift; sourceTree = "<group>"; };
		2FDA30622C424C9A00ED96CF /* SceneDelegate.swift */ = {isa = PBXFileReference; lastKnownFileType = sourcecode.swift; path = SceneDelegate.swift; sourceTree = "<group>"; };
		2FDA30642C424C9A00ED96CF /* ViewController.swift */ = {isa = PBXFileReference; lastKnownFileType = sourcecode.swift; path = ViewController.swift; sourceTree = "<group>"; };
		2FDA30672C424C9A00ED96CF /* Base */ = {isa = PBXFileReference; lastKnownFileType = file.storyboard; name = Base; path = Base.lproj/Main.storyboard; sourceTree = "<group>"; };
		2FDA306A2C424C9A00ED96CF /* MovieListing.xcdatamodel */ = {isa = PBXFileReference; lastKnownFileType = wrapper.xcdatamodel; path = MovieListing.xcdatamodel; sourceTree = "<group>"; };
		2FDA306C2C424C9B00ED96CF /* Assets.xcassets */ = {isa = PBXFileReference; lastKnownFileType = folder.assetcatalog; path = Assets.xcassets; sourceTree = "<group>"; };
		2FDA306F2C424C9B00ED96CF /* Base */ = {isa = PBXFileReference; lastKnownFileType = file.storyboard; name = Base; path = Base.lproj/LaunchScreen.storyboard; sourceTree = "<group>"; };
		2FDA30712C424C9B00ED96CF /* Info.plist */ = {isa = PBXFileReference; lastKnownFileType = text.plist.xml; path = Info.plist; sourceTree = "<group>"; };
		2FE0D7262C4265BC00299403 /* Listing.storyboard */ = {isa = PBXFileReference; lastKnownFileType = file.storyboard; path = Listing.storyboard; sourceTree = "<group>"; };
		2FE0D7282C4265DC00299403 /* ListingViewController.swift */ = {isa = PBXFileReference; lastKnownFileType = sourcecode.swift; path = ListingViewController.swift; sourceTree = "<group>"; };
		2FE0D72A2C4265F700299403 /* ListingViewModel.swift */ = {isa = PBXFileReference; lastKnownFileType = sourcecode.swift; path = ListingViewModel.swift; sourceTree = "<group>"; };
		2FE0D72C2C42660200299403 /* ListingViewState.swift */ = {isa = PBXFileReference; lastKnownFileType = sourcecode.swift; path = ListingViewState.swift; sourceTree = "<group>"; };
		2FE0D72E2C4267BB00299403 /* ListingTableViewCell.swift */ = {isa = PBXFileReference; lastKnownFileType = sourcecode.swift; path = ListingTableViewCell.swift; sourceTree = "<group>"; };
		2FE0D72F2C4267BB00299403 /* ListingTableViewCell.xib */ = {isa = PBXFileReference; lastKnownFileType = file.xib; path = ListingTableViewCell.xib; sourceTree = "<group>"; };
		31DED35FEBB75F5F58172E43 /* Pods-MovieListing.debug.xcconfig */ = {isa = PBXFileReference; includeInIndex = 1; lastKnownFileType = text.xcconfig; name = "Pods-MovieListing.debug.xcconfig"; path = "Target Support Files/Pods-MovieListing/Pods-MovieListing.debug.xcconfig"; sourceTree = "<group>"; };
		EFC21C34C3547B0CB3ADBAF8 /* Pods_MovieListing.framework */ = {isa = PBXFileReference; explicitFileType = wrapper.framework; includeInIndex = 0; path = Pods_MovieListing.framework; sourceTree = BUILT_PRODUCTS_DIR; };
/* End PBXFileReference section */

/* Begin PBXFrameworksBuildPhase section */
		2FDA305A2C424C9A00ED96CF /* Frameworks */ = {
			isa = PBXFrameworksBuildPhase;
			buildActionMask = 2147483647;
			files = (
				D36070E77495829D6C8BF43A /* Pods_MovieListing.framework in Frameworks */,
			);
			runOnlyForDeploymentPostprocessing = 0;
		};
/* End PBXFrameworksBuildPhase section */

/* Begin PBXGroup section */
		2FDA30542C424C9A00ED96CF = {
			isa = PBXGroup;
			children = (
				2FDA305F2C424C9A00ED96CF /* MovieListing */,
				2FDA305E2C424C9A00ED96CF /* Products */,
				BDBB27323A72ABF458F8839B /* Pods */,
				5BB84AAC8EC9F7A40B08327B /* Frameworks */,
			);
			sourceTree = "<group>";
		};
		2FDA305E2C424C9A00ED96CF /* Products */ = {
			isa = PBXGroup;
			children = (
				2FDA305D2C424C9A00ED96CF /* MovieListing.app */,
			);
			name = Products;
			sourceTree = "<group>";
		};
		2FDA305F2C424C9A00ED96CF /* MovieListing */ = {
			isa = PBXGroup;
			children = (
				2FE0D7222C42656A00299403 /* ListingPage */,
				2FDA30602C424C9A00ED96CF /* AppDelegate.swift */,
				2FDA30622C424C9A00ED96CF /* SceneDelegate.swift */,
				2FDA30642C424C9A00ED96CF /* ViewController.swift */,
				2FDA30662C424C9A00ED96CF /* Main.storyboard */,
				2FDA306C2C424C9B00ED96CF /* Assets.xcassets */,
				2FDA306E2C424C9B00ED96CF /* LaunchScreen.storyboard */,
				2FDA30712C424C9B00ED96CF /* Info.plist */,
				2FDA30692C424C9A00ED96CF /* MovieListing.xcdatamodeld */,
			);
			path = MovieListing;
			sourceTree = "<group>";
		};
		2FE0D7222C42656A00299403 /* ListingPage */ = {
			isa = PBXGroup;
			children = (
				2FE0D7242C42658D00299403 /* View */,
				2FE0D7232C42657F00299403 /* Model */,
			);
			path = ListingPage;
			sourceTree = "<group>";
		};
		2FE0D7232C42657F00299403 /* Model */ = {
			isa = PBXGroup;
			children = (
				2FE0D72A2C4265F700299403 /* ListingViewModel.swift */,
				2FE0D72C2C42660200299403 /* ListingViewState.swift */,
			);
			path = Model;
			sourceTree = "<group>";
		};
		2FE0D7242C42658D00299403 /* View */ = {
			isa = PBXGroup;
			children = (
				2FE0D7252C42659200299403 /* UserInterface */,
				2FE0D7282C4265DC00299403 /* ListingViewController.swift */,
				2FE0D72E2C4267BB00299403 /* ListingTableViewCell.swift */,
			);
			path = View;
			sourceTree = "<group>";
		};
		2FE0D7252C42659200299403 /* UserInterface */ = {
			isa = PBXGroup;
			children = (
				2FE0D72F2C4267BB00299403 /* ListingTableViewCell.xib */,
				2FE0D7262C4265BC00299403 /* Listing.storyboard */,
			);
			path = UserInterface;
			sourceTree = "<group>";
		};
		5BB84AAC8EC9F7A40B08327B /* Frameworks */ = {
			isa = PBXGroup;
			children = (
				EFC21C34C3547B0CB3ADBAF8 /* Pods_MovieListing.framework */,
			);
			name = Frameworks;
			sourceTree = "<group>";
		};
		BDBB27323A72ABF458F8839B /* Pods */ = {
			isa = PBXGroup;
			children = (
				31DED35FEBB75F5F58172E43 /* Pods-MovieListing.debug.xcconfig */,
				28AF65DA7301DF0083E754C6 /* Pods-MovieListing.release.xcconfig */,
			);
			path = Pods;
			sourceTree = "<group>";
		};
/* End PBXGroup section */

/* Begin PBXNativeTarget section */
		2FDA305C2C424C9A00ED96CF /* MovieListing */ = {
			isa = PBXNativeTarget;
			buildConfigurationList = 2FDA30742C424C9B00ED96CF /* Build configuration list for PBXNativeTarget "MovieListing" */;
			buildPhases = (
				ADB083E529605FB7604F2D18 /* [CP] Check Pods Manifest.lock */,
				2FDA30592C424C9A00ED96CF /* Sources */,
				2FDA305A2C424C9A00ED96CF /* Frameworks */,
				2FDA305B2C424C9A00ED96CF /* Resources */,
				379B2F9A0C2871A61AD9BF52 /* [CP] Embed Pods Frameworks */,
			);
			buildRules = (
			);
			dependencies = (
			);
			name = MovieListing;
			productName = MovieListing;
			productReference = 2FDA305D2C424C9A00ED96CF /* MovieListing.app */;
			productType = "com.apple.product-type.application";
		};
/* End PBXNativeTarget section */

/* Begin PBXProject section */
		2FDA30552C424C9A00ED96CF /* Project object */ = {
			isa = PBXProject;
			attributes = {
				BuildIndependentTargetsInParallel = 1;
				LastSwiftUpdateCheck = 1530;
				LastUpgradeCheck = 1530;
				TargetAttributes = {
					2FDA305C2C424C9A00ED96CF = {
						CreatedOnToolsVersion = 15.3;
					};
				};
			};
			buildConfigurationList = 2FDA30582C424C9A00ED96CF /* Build configuration list for PBXProject "MovieListing" */;
			compatibilityVersion = "Xcode 14.0";
			developmentRegion = en;
			hasScannedForEncodings = 0;
			knownRegions = (
				en,
				Base,
			);
			mainGroup = 2FDA30542C424C9A00ED96CF;
			productRefGroup = 2FDA305E2C424C9A00ED96CF /* Products */;
			projectDirPath = "";
			projectRoot = "";
			targets = (
				2FDA305C2C424C9A00ED96CF /* MovieListing */,
			);
		};
/* End PBXProject section */

/* Begin PBXResourcesBuildPhase section */
		2FDA305B2C424C9A00ED96CF /* Resources */ = {
			isa = PBXResourcesBuildPhase;
			buildActionMask = 2147483647;
			files = (
				2FDA306D2C424C9B00ED96CF /* Assets.xcassets in Resources */,
				2FDA30702C424C9B00ED96CF /* Base in Resources */,
				2FDA30682C424C9A00ED96CF /* Base in Resources */,
				2FE0D7272C4265BC00299403 /* Listing.storyboard in Resources */,
				2FE0D7312C4267BB00299403 /* ListingTableViewCell.xib in Resources */,
			);
			runOnlyForDeploymentPostprocessing = 0;
		};
/* End PBXResourcesBuildPhase section */

/* Begin PBXShellScriptBuildPhase section */
		379B2F9A0C2871A61AD9BF52 /* [CP] Embed Pods Frameworks */ = {
			isa = PBXShellScriptBuildPhase;
			buildActionMask = 2147483647;
			files = (
			);
			inputFileListPaths = (
				"${PODS_ROOT}/Target Support Files/Pods-MovieListing/Pods-MovieListing-frameworks-${CONFIGURATION}-input-files.xcfilelist",
			);
			name = "[CP] Embed Pods Frameworks";
			outputFileListPaths = (
				"${PODS_ROOT}/Target Support Files/Pods-MovieListing/Pods-MovieListing-frameworks-${CONFIGURATION}-output-files.xcfilelist",
			);
			runOnlyForDeploymentPostprocessing = 0;
			shellPath = /bin/sh;
			shellScript = "\"${PODS_ROOT}/Target Support Files/Pods-MovieListing/Pods-MovieListing-frameworks.sh\"\n";
			showEnvVarsInLog = 0;
		};
		ADB083E529605FB7604F2D18 /* [CP] Check Pods Manifest.lock */ = {
			isa = PBXShellScriptBuildPhase;
			buildActionMask = 2147483647;
			files = (
			);
			inputFileListPaths = (
			);
			inputPaths = (
				"${PODS_PODFILE_DIR_PATH}/Podfile.lock",
				"${PODS_ROOT}/Manifest.lock",
			);
			name = "[CP] Check Pods Manifest.lock";
			outputFileListPaths = (
			);
			outputPaths = (
				"$(DERIVED_FILE_DIR)/Pods-MovieListing-checkManifestLockResult.txt",
			);
			runOnlyForDeploymentPostprocessing = 0;
			shellPath = /bin/sh;
			shellScript = "diff \"${PODS_PODFILE_DIR_PATH}/Podfile.lock\" \"${PODS_ROOT}/Manifest.lock\" > /dev/null\nif [ $? != 0 ] ; then\n    # print error to STDERR\n    echo \"error: The sandbox is not in sync with the Podfile.lock. Run 'pod install' or update your CocoaPods installation.\" >&2\n    exit 1\nfi\n# This output is used by Xcode 'outputs' to avoid re-running this script phase.\necho \"SUCCESS\" > \"${SCRIPT_OUTPUT_FILE_0}\"\n";
			showEnvVarsInLog = 0;
		};
/* End PBXShellScriptBuildPhase section */

/* Begin PBXSourcesBuildPhase section */
		2FDA30592C424C9A00ED96CF /* Sources */ = {
			isa = PBXSourcesBuildPhase;
			buildActionMask = 2147483647;
			files = (
				2FDA30652C424C9A00ED96CF /* ViewController.swift in Sources */,
				2FDA30612C424C9A00ED96CF /* AppDelegate.swift in Sources */,
				2FE0D7302C4267BB00299403 /* ListingTableViewCell.swift in Sources */,
				2FDA30632C424C9A00ED96CF /* SceneDelegate.swift in Sources */,
				2FDA306B2C424C9A00ED96CF /* MovieListing.xcdatamodeld in Sources */,
				2FE0D72D2C42660200299403 /* ListingViewState.swift in Sources */,
				2FE0D7292C4265DC00299403 /* ListingViewController.swift in Sources */,
				2FE0D72B2C4265F700299403 /* ListingViewModel.swift in Sources */,
			);
			runOnlyForDeploymentPostprocessing = 0;
		};
/* End PBXSourcesBuildPhase section */

/* Begin PBXVariantGroup section */
		2FDA30662C424C9A00ED96CF /* Main.storyboard */ = {
			isa = PBXVariantGroup;
			children = (
				2FDA30672C424C9A00ED96CF /* Base */,
			);
			name = Main.storyboard;
			sourceTree = "<group>";
		};
		2FDA306E2C424C9B00ED96CF /* LaunchScreen.storyboard */ = {
			isa = PBXVariantGroup;
			children = (
				2FDA306F2C424C9B00ED96CF /* Base */,
			);
			name = LaunchScreen.storyboard;
			sourceTree = "<group>";
		};
/* End PBXVariantGroup section */

/* Begin XCBuildConfiguration section */
		2FDA30722C424C9B00ED96CF /* Debug */ = {
			isa = XCBuildConfiguration;
			buildSettings = {
				ALWAYS_SEARCH_USER_PATHS = NO;
				ASSETCATALOG_COMPILER_GENERATE_SWIFT_ASSET_SYMBOL_EXTENSIONS = YES;
				CLANG_ANALYZER_NONNULL = YES;
				CLANG_ANALYZER_NUMBER_OBJECT_CONVERSION = YES_AGGRESSIVE;
				CLANG_CXX_LANGUAGE_STANDARD = "gnu++20";
				CLANG_ENABLE_MODULES = YES;
				CLANG_ENABLE_OBJC_ARC = YES;
				CLANG_ENABLE_OBJC_WEAK = YES;
				CLANG_WARN_BLOCK_CAPTURE_AUTORELEASING = YES;
				CLANG_WARN_BOOL_CONVERSION = YES;
				CLANG_WARN_COMMA = YES;
				CLANG_WARN_CONSTANT_CONVERSION = YES;
				CLANG_WARN_DEPRECATED_OBJC_IMPLEMENTATIONS = YES;
				CLANG_WARN_DIRECT_OBJC_ISA_USAGE = YES_ERROR;
				CLANG_WARN_DOCUMENTATION_COMMENTS = YES;
				CLANG_WARN_EMPTY_BODY = YES;
				CLANG_WARN_ENUM_CONVERSION = YES;
				CLANG_WARN_INFINITE_RECURSION = YES;
				CLANG_WARN_INT_CONVERSION = YES;
				CLANG_WARN_NON_LITERAL_NULL_CONVERSION = YES;
				CLANG_WARN_OBJC_IMPLICIT_RETAIN_SELF = YES;
				CLANG_WARN_OBJC_LITERAL_CONVERSION = YES;
				CLANG_WARN_OBJC_ROOT_CLASS = YES_ERROR;
				CLANG_WARN_QUOTED_INCLUDE_IN_FRAMEWORK_HEADER = YES;
				CLANG_WARN_RANGE_LOOP_ANALYSIS = YES;
				CLANG_WARN_STRICT_PROTOTYPES = YES;
				CLANG_WARN_SUSPICIOUS_MOVE = YES;
				CLANG_WARN_UNGUARDED_AVAILABILITY = YES_AGGRESSIVE;
				CLANG_WARN_UNREACHABLE_CODE = YES;
				CLANG_WARN__DUPLICATE_METHOD_MATCH = YES;
				COPY_PHASE_STRIP = NO;
				DEBUG_INFORMATION_FORMAT = dwarf;
				ENABLE_STRICT_OBJC_MSGSEND = YES;
				ENABLE_TESTABILITY = YES;
				ENABLE_USER_SCRIPT_SANDBOXING = NO;
				GCC_C_LANGUAGE_STANDARD = gnu17;
				GCC_DYNAMIC_NO_PIC = NO;
				GCC_NO_COMMON_BLOCKS = YES;
				GCC_OPTIMIZATION_LEVEL = 0;
				GCC_PREPROCESSOR_DEFINITIONS = (
					"DEBUG=1",
					"$(inherited)",
				);
				GCC_WARN_64_TO_32_BIT_CONVERSION = YES;
				GCC_WARN_ABOUT_RETURN_TYPE = YES_ERROR;
				GCC_WARN_UNDECLARED_SELECTOR = YES;
				GCC_WARN_UNINITIALIZED_AUTOS = YES_AGGRESSIVE;
				GCC_WARN_UNUSED_FUNCTION = YES;
				GCC_WARN_UNUSED_VARIABLE = YES;
				IPHONEOS_DEPLOYMENT_TARGET = 17.4;
				LOCALIZATION_PREFERS_STRING_CATALOGS = YES;
				MTL_ENABLE_DEBUG_INFO = INCLUDE_SOURCE;
				MTL_FAST_MATH = YES;
				ONLY_ACTIVE_ARCH = YES;
				SDKROOT = iphoneos;
				SWIFT_ACTIVE_COMPILATION_CONDITIONS = "DEBUG $(inherited)";
				SWIFT_OPTIMIZATION_LEVEL = "-Onone";
			};
			name = Debug;
		};
		2FDA30732C424C9B00ED96CF /* Release */ = {
			isa = XCBuildConfiguration;
			buildSettings = {
				ALWAYS_SEARCH_USER_PATHS = NO;
				ASSETCATALOG_COMPILER_GENERATE_SWIFT_ASSET_SYMBOL_EXTENSIONS = YES;
				CLANG_ANALYZER_NONNULL = YES;
				CLANG_ANALYZER_NUMBER_OBJECT_CONVERSION = YES_AGGRESSIVE;
				CLANG_CXX_LANGUAGE_STANDARD = "gnu++20";
				CLANG_ENABLE_MODULES = YES;
				CLANG_ENABLE_OBJC_ARC = YES;
				CLANG_ENABLE_OBJC_WEAK = YES;
				CLANG_WARN_BLOCK_CAPTURE_AUTORELEASING = YES;
				CLANG_WARN_BOOL_CONVERSION = YES;
				CLANG_WARN_COMMA = YES;
				CLANG_WARN_CONSTANT_CONVERSION = YES;
				CLANG_WARN_DEPRECATED_OBJC_IMPLEMENTATIONS = YES;
				CLANG_WARN_DIRECT_OBJC_ISA_USAGE = YES_ERROR;
				CLANG_WARN_DOCUMENTATION_COMMENTS = YES;
				CLANG_WARN_EMPTY_BODY = YES;
				CLANG_WARN_ENUM_CONVERSION = YES;
				CLANG_WARN_INFINITE_RECURSION = YES;
				CLANG_WARN_INT_CONVERSION = YES;
				CLANG_WARN_NON_LITERAL_NULL_CONVERSION = YES;
				CLANG_WARN_OBJC_IMPLICIT_RETAIN_SELF = YES;
				CLANG_WARN_OBJC_LITERAL_CONVERSION = YES;
				CLANG_WARN_OBJC_ROOT_CLASS = YES_ERROR;
				CLANG_WARN_QUOTED_INCLUDE_IN_FRAMEWORK_HEADER = YES;
				CLANG_WARN_RANGE_LOOP_ANALYSIS = YES;
				CLANG_WARN_STRICT_PROTOTYPES = YES;
				CLANG_WARN_SUSPICIOUS_MOVE = YES;
				CLANG_WARN_UNGUARDED_AVAILABILITY = YES_AGGRESSIVE;
				CLANG_WARN_UNREACHABLE_CODE = YES;
				CLANG_WARN__DUPLICATE_METHOD_MATCH = YES;
				COPY_PHASE_STRIP = NO;
				DEBUG_INFORMATION_FORMAT = "dwarf-with-dsym";
				ENABLE_NS_ASSERTIONS = NO;
				ENABLE_STRICT_OBJC_MSGSEND = YES;
				ENABLE_USER_SCRIPT_SANDBOXING = NO;
				GCC_C_LANGUAGE_STANDARD = gnu17;
				GCC_NO_COMMON_BLOCKS = YES;
				GCC_WARN_64_TO_32_BIT_CONVERSION = YES;
				GCC_WARN_ABOUT_RETURN_TYPE = YES_ERROR;
				GCC_WARN_UNDECLARED_SELECTOR = YES;
				GCC_WARN_UNINITIALIZED_AUTOS = YES_AGGRESSIVE;
				GCC_WARN_UNUSED_FUNCTION = YES;
				GCC_WARN_UNUSED_VARIABLE = YES;
				IPHONEOS_DEPLOYMENT_TARGET = 17.4;
				LOCALIZATION_PREFERS_STRING_CATALOGS = YES;
				MTL_ENABLE_DEBUG_INFO = NO;
				MTL_FAST_MATH = YES;
				SDKROOT = iphoneos;
				SWIFT_COMPILATION_MODE = wholemodule;
				VALIDATE_PRODUCT = YES;
			};
			name = Release;
		};
		2FDA30752C424C9B00ED96CF /* Debug */ = {
			isa = XCBuildConfiguration;
			baseConfigurationReference = 31DED35FEBB75F5F58172E43 /* Pods-MovieListing.debug.xcconfig */;
			buildSettings = {
				ASSETCATALOG_COMPILER_APPICON_NAME = AppIcon;
				ASSETCATALOG_COMPILER_GLOBAL_ACCENT_COLOR_NAME = AccentColor;
				CODE_SIGN_STYLE = Automatic;
				CURRENT_PROJECT_VERSION = 1;
				DEVELOPMENT_TEAM = 9WL75A589K;
				GENERATE_INFOPLIST_FILE = YES;
				INFOPLIST_FILE = MovieListing/Info.plist;
				INFOPLIST_KEY_UIApplicationSupportsIndirectInputEvents = YES;
				INFOPLIST_KEY_UILaunchStoryboardName = LaunchScreen;
				INFOPLIST_KEY_UIMainStoryboardFile = Main;
				INFOPLIST_KEY_UISupportedInterfaceOrientations_iPad = "UIInterfaceOrientationPortrait UIInterfaceOrientationPortraitUpsideDown UIInterfaceOrientationLandscapeLeft UIInterfaceOrientationLandscapeRight";
				INFOPLIST_KEY_UISupportedInterfaceOrientations_iPhone = "UIInterfaceOrientationPortrait UIInterfaceOrientationLandscapeLeft UIInterfaceOrientationLandscapeRight";
				LD_RUNPATH_SEARCH_PATHS = (
					"$(inherited)",
					"@executable_path/Frameworks",
				);
				MARKETING_VERSION = 1.0;
				PRODUCT_BUNDLE_IDENTIFIER = knom.MovieListing;
				PRODUCT_NAME = "$(TARGET_NAME)";
				SWIFT_EMIT_LOC_STRINGS = YES;
				SWIFT_VERSION = 5.0;
				TARGETED_DEVICE_FAMILY = "1,2";
			};
			name = Debug;
		};
		2FDA30762C424C9B00ED96CF /* Release */ = {
			isa = XCBuildConfiguration;
			baseConfigurationReference = 28AF65DA7301DF0083E754C6 /* Pods-MovieListing.release.xcconfig */;
			buildSettings = {
				ASSETCATALOG_COMPILER_APPICON_NAME = AppIcon;
				ASSETCATALOG_COMPILER_GLOBAL_ACCENT_COLOR_NAME = AccentColor;
				CODE_SIGN_STYLE = Automatic;
				CURRENT_PROJECT_VERSION = 1;
				DEVELOPMENT_TEAM = 9WL75A589K;
				GENERATE_INFOPLIST_FILE = YES;
				INFOPLIST_FILE = MovieListing/Info.plist;
				INFOPLIST_KEY_UIApplicationSupportsIndirectInputEvents = YES;
				INFOPLIST_KEY_UILaunchStoryboardName = LaunchScreen;
				INFOPLIST_KEY_UIMainStoryboardFile = Main;
				INFOPLIST_KEY_UISupportedInterfaceOrientations_iPad = "UIInterfaceOrientationPortrait UIInterfaceOrientationPortraitUpsideDown UIInterfaceOrientationLandscapeLeft UIInterfaceOrientationLandscapeRight";
				INFOPLIST_KEY_UISupportedInterfaceOrientations_iPhone = "UIInterfaceOrientationPortrait UIInterfaceOrientationLandscapeLeft UIInterfaceOrientationLandscapeRight";
				LD_RUNPATH_SEARCH_PATHS = (
					"$(inherited)",
					"@executable_path/Frameworks",
				);
				MARKETING_VERSION = 1.0;
				PRODUCT_BUNDLE_IDENTIFIER = knom.MovieListing;
				PRODUCT_NAME = "$(TARGET_NAME)";
				SWIFT_EMIT_LOC_STRINGS = YES;
				SWIFT_VERSION = 5.0;
				TARGETED_DEVICE_FAMILY = "1,2";
			};
			name = Release;
		};
/* End XCBuildConfiguration section */

/* Begin XCConfigurationList section */
		2FDA30582C424C9A00ED96CF /* Build configuration list for PBXProject "MovieListing" */ = {
			isa = XCConfigurationList;
			buildConfigurations = (
				2FDA30722C424C9B00ED96CF /* Debug */,
				2FDA30732C424C9B00ED96CF /* Release */,
			);
			defaultConfigurationIsVisible = 0;
			defaultConfigurationName = Release;
		};
		2FDA30742C424C9B00ED96CF /* Build configuration list for PBXNativeTarget "MovieListing" */ = {
			isa = XCConfigurationList;
			buildConfigurations = (
				2FDA30752C424C9B00ED96CF /* Debug */,
				2FDA30762C424C9B00ED96CF /* Release */,
			);
			defaultConfigurationIsVisible = 0;
			defaultConfigurationName = Release;
		};
/* End XCConfigurationList section */

/* Begin XCVersionGroup section */
		2FDA30692C424C9A00ED96CF /* MovieListing.xcdatamodeld */ = {
			isa = XCVersionGroup;
			children = (
				2FDA306A2C424C9A00ED96CF /* MovieListing.xcdatamodel */,
			);
			currentVersion = 2FDA306A2C424C9A00ED96CF /* MovieListing.xcdatamodel */;
			path = MovieListing.xcdatamodeld;
			sourceTree = "<group>";
			versionGroupType = wrapper.xcdatamodel;
		};
/* End XCVersionGroup section */
	};
	rootObject = 2FDA30552C424C9A00ED96CF /* Project object */;
}
